
Microsoft Visual Studio Solution File, Format Version 12.00
# Visual Studio 15
VisualStudioVersion = 15.0.27428.2005
MinimumVisualStudioVersion = 10.0.40219.1
Project("{9A19103F-16F7-4668-BE54-9A1E7A4F7556}") = "StorseilWeb", "StorseilWeb\StorseilWeb.csproj", "{8B2E83EF-0A7C-44E6-B8B3-0AA3A0C1134E}"
EndProject
Project("{E53339B2-1760-4266-BCC7-CA923CBCF16C}") = "docker-compose", "docker-compose.dcproj", "{640C7297-790E-43D3-BB43-72F983565A80}"
EndProject
Global
	GlobalSection(SolutionConfigurationPlatforms) = preSolution
		Debug|Any CPU = Debug|Any CPU
		Release|Any CPU = Release|Any CPU
	EndGlobalSection
	GlobalSection(ProjectConfigurationPlatforms) = postSolution
		{8B2E83EF-0A7C-44E6-B8B3-0AA3A0C1134E}.Debug|Any CPU.ActiveCfg = Debug|Any CPU
		{8B2E83EF-0A7C-44E6-B8B3-0AA3A0C1134E}.Debug|Any CPU.Build.0 = Debug|Any CPU
		{8B2E83EF-0A7C-44E6-B8B3-0AA3A0C1134E}.Release|Any CPU.ActiveCfg = Release|Any CPU
		{8B2E83EF-0A7C-44E6-B8B3-0AA3A0C1134E}.Release|Any CPU.Build.0 = Release|Any CPU
		{640C7297-790E-43D3-BB43-72F983565A80}.Debug|Any CPU.ActiveCfg = Debug|Any CPU
		{640C7297-790E-43D3-BB43-72F983565A80}.Debug|Any CPU.Build.0 = Debug|Any CPU
		{640C7297-790E-43D3-BB43-72F983565A80}.Release|Any CPU.ActiveCfg = Release|Any CPU
		{640C7297-790E-43D3-BB43-72F983565A80}.Release|Any CPU.Build.0 = Release|Any CPU
	EndGlobalSection
	GlobalSection(SolutionProperties) = preSolution
		HideSolutionNode = FALSE
	EndGlobalSection
	GlobalSection(ExtensibilityGlobals) = postSolution
		SolutionGuid = {53B41D4C-ED6B-4594-BECC-84774F7C3979}
	EndGlobalSection
EndGlobal
